
Microsoft Visual Studio Solution File, Format Version 12.00
# Visual Studio 15
VisualStudioVersion = 15.0.27428.2037
MinimumVisualStudioVersion = 10.0.40219.1
Project("{FAE04EC0-301F-11D3-BF4B-00C04F79EFBC}") = "SalesTracker", "SalesTracker\SalesTracker.csproj", "{E3BFE81A-612E-458B-82D9-644372448F66}"
EndProject
Global
	GlobalSection(SolutionConfigurationPlatforms) = preSolution
		Debug|Any CPU = Debug|Any CPU
		Release|Any CPU = Release|Any CPU
	EndGlobalSection
	GlobalSection(ProjectConfigurationPlatforms) = postSolution
		{E3BFE81A-612E-458B-82D9-644372448F66}.Debug|Any CPU.ActiveCfg = Debug|Any CPU
		{E3BFE81A-612E-458B-82D9-644372448F66}.Debug|Any CPU.Build.0 = Debug|Any CPU
		{E3BFE81A-612E-458B-82D9-644372448F66}.Release|Any CPU.ActiveCfg = Release|Any CPU
		{E3BFE81A-612E-458B-82D9-644372448F66}.Release|Any CPU.Build.0 = Release|Any CPU
	EndGlobalSection
	GlobalSection(SolutionProperties) = preSolution
		HideSolutionNode = FALSE
	EndGlobalSection
	GlobalSection(ExtensibilityGlobals) = postSolution
		SolutionGuid = {D60A597C-0958-42FD-8B41-C5AD55550DCD}
	EndGlobalSection
EndGlobal
